
Microsoft Visual Studio Solution File, Format Version 12.00
# Visual Studio Version 17
VisualStudioVersion = 17.3.32811.315
MinimumVisualStudioVersion = 10.0.40219.1
Project("{9A19103F-16F7-4668-BE54-9A1E7A4F7556}") = "TSEParser", "TSEParser\TSEParser.csproj", "{DBF6330C-6FD8-44C9-9684-B5E5BA70C399}"
EndProject
Project("{9A19103F-16F7-4668-BE54-9A1E7A4F7556}") = "BinaryNotes.NET", "BinaryNotes.NET\BinaryNotes.NET.csproj", "{0024FD3D-4154-4F5D-84EC-6CD9891A9A60}"
EndProject
Global
	GlobalSection(SolutionConfigurationPlatforms) = preSolution
		Debug|Any CPU = Debug|Any CPU
		Release|Any CPU = Release|Any CPU
	EndGlobalSection
	GlobalSection(ProjectConfigurationPlatforms) = postSolution
		{DBF6330C-6FD8-44C9-9684-B5E5BA70C399}.Debug|Any CPU.ActiveCfg = Debug|Any CPU
		{DBF6330C-6FD8-44C9-9684-B5E5BA70C399}.Debug|Any CPU.Build.0 = Debug|Any CPU
		{DBF6330C-6FD8-44C9-9684-B5E5BA70C399}.Release|Any CPU.ActiveCfg = Release|Any CPU
		{DBF6330C-6FD8-44C9-9684-B5E5BA70C399}.Release|Any CPU.Build.0 = Release|Any CPU
		{0024FD3D-4154-4F5D-84EC-6CD9891A9A60}.Debug|Any CPU.ActiveCfg = Debug|Any CPU
		{0024FD3D-4154-4F5D-84EC-6CD9891A9A60}.Debug|Any CPU.Build.0 = Debug|Any CPU
		{0024FD3D-4154-4F5D-84EC-6CD9891A9A60}.Release|Any CPU.ActiveCfg = Release|Any CPU
		{0024FD3D-4154-4F5D-84EC-6CD9891A9A60}.Release|Any CPU.Build.0 = Release|Any CPU
	EndGlobalSection
	GlobalSection(SolutionProperties) = preSolution
		HideSolutionNode = FALSE
	EndGlobalSection
	GlobalSection(ExtensibilityGlobals) = postSolution
		SolutionGuid = {2023194D-AAFD-4815-8941-8B8BD8CBD5F2}
	EndGlobalSection
EndGlobal
